
Microsoft Visual Studio Solution File, Format Version 12.00
# Visual Studio 15
VisualStudioVersion = 15.0.28307.779
MinimumVisualStudioVersion = 10.0.40219.1
Project("{8BC9CEB8-8B4A-11D0-8D11-00A0C91BC942}") = "matrix", "matrix\matrix.vcxproj", "{109EA666-ED54-43AC-ACA1-74B7714BF4EE}"
EndProject
Global
	GlobalSection(SolutionConfigurationPlatforms) = preSolution
		Debug|x64 = Debug|x64
		Debug|x86 = Debug|x86
		Release|x64 = Release|x64
		Release|x86 = Release|x86
	EndGlobalSection
	GlobalSection(ProjectConfigurationPlatforms) = postSolution
		{109EA666-ED54-43AC-ACA1-74B7714BF4EE}.Debug|x64.ActiveCfg = Debug|x64
		{109EA666-ED54-43AC-ACA1-74B7714BF4EE}.Debug|x64.Build.0 = Debug|x64
		{109EA666-ED54-43AC-ACA1-74B7714BF4EE}.Debug|x86.ActiveCfg = Debug|Win32
		{109EA666-ED54-43AC-ACA1-74B7714BF4EE}.Debug|x86.Build.0 = Debug|Win32
		{109EA666-ED54-43AC-ACA1-74B7714BF4EE}.Release|x64.ActiveCfg = Release|x64
		{109EA666-ED54-43AC-ACA1-74B7714BF4EE}.Release|x64.Build.0 = Release|x64
		{109EA666-ED54-43AC-ACA1-74B7714BF4EE}.Release|x86.ActiveCfg = Release|Win32
		{109EA666-ED54-43AC-ACA1-74B7714BF4EE}.Release|x86.Build.0 = Release|Win32
	EndGlobalSection
	GlobalSection(SolutionProperties) = preSolution
		HideSolutionNode = FALSE
	EndGlobalSection
	GlobalSection(ExtensibilityGlobals) = postSolution
		SolutionGuid = {6C5362D3-B008-4D6C-97C1-F2F7C93D545D}
	EndGlobalSection
EndGlobal
